
Microsoft Visual Studio Solution File, Format Version 12.00
# Visual Studio Version 17
VisualStudioVersion = 17.10.34928.147
MinimumVisualStudioVersion = 10.0.40219.1
Project("{FAE04EC0-301F-11D3-BF4B-00C04F79EFBC}") = "RDF_Taxonomy_Converter", "RDF_Taxonomy_Converter.csproj", "{C9DD4636-096B-4B84-A677-6BC488918857}"
EndProject
Global
	GlobalSection(SolutionConfigurationPlatforms) = preSolution
		Debug|Any CPU = Debug|Any CPU
		Release|Any CPU = Release|Any CPU
	EndGlobalSection
	GlobalSection(ProjectConfigurationPlatforms) = postSolution
		{C9DD4636-096B-4B84-A677-6BC488918857}.Debug|Any CPU.ActiveCfg = Debug|Any CPU
		{C9DD4636-096B-4B84-A677-6BC488918857}.Debug|Any CPU.Build.0 = Debug|Any CPU
		{C9DD4636-096B-4B84-A677-6BC488918857}.Release|Any CPU.ActiveCfg = Release|Any CPU
		{C9DD4636-096B-4B84-A677-6BC488918857}.Release|Any CPU.Build.0 = Release|Any CPU
	EndGlobalSection
	GlobalSection(SolutionProperties) = preSolution
		HideSolutionNode = FALSE
	EndGlobalSection
	GlobalSection(ExtensibilityGlobals) = postSolution
		SolutionGuid = {ED75F72A-A511-4CF4-85C4-FD13E9522C93}
	EndGlobalSection
EndGlobal
